<?xml version="1.0" encoding="utf-8"?>
<Project ToolsVersion="4.0" xmlns="http://schemas.microsoft.com/developer/msbuild/2003">
  <ItemGroup>
    <Filter Include="源文件">
      <UniqueIdentifier>{4FC737F1-C7A5-4376-A066-2A32D752A2FF}</UniqueIdentifier>
      <Extensions>cpp;c;cc;cxx;c++;def;odl;idl;hpj;bat;asm;asmx</Extensions>
    </Filter>
    <Filter Include="头文件">
      <UniqueIdentifier>{93995380-89BD-4b04-88EB-625FBE52EBFB}</UniqueIdentifier>
      <Extensions>h;hh;hpp;hxx;h++;hm;inl;inc;ipp;xsd</Extensions>
    </Filter>
    <Filter Include="资源文件">
      <UniqueIdentifier>{67DA6AB6-F800-4c08-8B7A-83BB121AAD01}</UniqueIdentifier>
      <Extensions>rc;ico;cur;bmp;dlg;rc2;rct;bin;rgs;gif;jpg;jpeg;jpe;resx;tiff;tif;png;wav;mfcribbon-ms</Extensions>
    </Filter>
    <Filter Include="源文件\第二次课">
      <UniqueIdentifier>{350af3a1-8c88-41ea-ae23-2518f926f2cf}</UniqueIdentifier>
    </Filter>
    <Filter Include="源文件\第三次课">
      <UniqueIdentifier>{924643e6-9427-401c-9899-28c446697a5d}</UniqueIdentifier>
    </Filter>
    <Filter Include="源文件\第四次课">
      <UniqueIdentifier>{351a320c-ead6-4a18-ab44-33db1f804d90}</UniqueIdentifier>
    </Filter>
    <Filter Include="源文件\第五次课">
      <UniqueIdentifier>{746608d3-35f1-4fb0-8a64-bc70cef948a4}</UniqueIdentifier>
    </Filter>
    <Filter Include="源文件\第六次课">
      <UniqueIdentifier>{82bf2a82-b70b-485c-85d9-a362f6810a23}</UniqueIdentifier>
    </Filter>
  </ItemGroup>
  <ItemGroup>
    <ClCompile Include="练习.cpp">
      <Filter>源文件</Filter>
    </ClCompile>
    <ClCompile Include="main.cpp">
      <Filter>源文件</Filter>
    </ClCompile>
    <ClCompile Include="CLASS2\课堂练习1.cpp">
      <Filter>源文件\第二次课</Filter>
    </ClCompile>
    <ClCompile Include="CLASS2\课堂练习2.cpp">
      <Filter>源文件\第二次课</Filter>
    </ClCompile>
    <ClCompile Include="CLASS6\边缘检测.cpp">
      <Filter>源文件\第六次课</Filter>
    </ClCompile>
    <ClCompile Include="CLASS6\均值滤波(高斯).cpp">
      <Filter>源文件\第六次课</Filter>
    </ClCompile>
    <ClCompile Include="CLASS6\均值滤波.cpp">
      <Filter>源文件\第六次课</Filter>
    </ClCompile>
    <ClCompile Include="CLASS6\中值滤波.cpp">
      <Filter>源文件\第六次课</Filter>
    </ClCompile>
    <ClCompile Include="CLASS3\1.cpp">
      <Filter>源文件\第三次课</Filter>
    </ClCompile>
    <ClCompile Include="CLASS3\2-读取视频图像.cpp">
      <Filter>源文件\第三次课</Filter>
    </ClCompile>
    <ClCompile Include="CLASS3\3-绘图函数.cpp">
      <Filter>源文件\第三次课</Filter>
    </ClCompile>
    <ClCompile Include="CLASS3\彩色直方图.cpp">
      <Filter>源文件\第三次课</Filter>
    </ClCompile>
    <ClCompile Include="CLASS3\直方图.cpp">
      <Filter>源文件\第三次课</Filter>
    </ClCompile>
    <ClCompile Include="CLASS4\HSV-色域.cpp">
      <Filter>源文件\第四次课</Filter>
    </ClCompile>
    <ClCompile Include="CLASS4\二值化.cpp">
      <Filter>源文件\第四次课</Filter>
    </ClCompile>
    <ClCompile Include="CLASS4\滑动块.cpp">
      <Filter>源文件\第四次课</Filter>
    </ClCompile>
    <ClCompile Include="CLASS5\DLC3.cpp">
      <Filter>源文件\第五次课</Filter>
    </ClCompile>
    <ClCompile Include="CLASS5\DLC4.cpp">
      <Filter>源文件\第五次课</Filter>
    </ClCompile>
    <ClCompile Include="CLASS5\连通域标记.cpp">
      <Filter>源文件\第五次课</Filter>
    </ClCompile>
    <ClCompile Include="CLASS5\图像形态学.cpp">
      <Filter>源文件\第五次课</Filter>
    </ClCompile>
    <ClCompile Include="CLASS6\DLC.cpp">
      <Filter>源文件\第六次课</Filter>
    </ClCompile>
  </ItemGroup>
</Project>